{
    "name": "rollup-plugin-react2svelte",
    "version": "1.0.0",
    "lockfileVersion": 2,
    "requires": true,
    "packages": {
        "": {
            "name": "rollup-plugin-react2svelte",
            "version": "1.0.0",
            "license": "MIT",
            "dependencies": {
                "acorn-globals": "^7.0.1",
                "astring": "^1.8.3",
                "estree-walker": "^3.0.1",
                "hooks-as-store": "^0.0.1",
                "is-reference": "^3.0.0",
                "magic-string": "^0.26.7"
            },
            "devDependencies": {
                "fs": "^0.0.1-security",
                "path": "^0.12.7"
            }
        },
        "../react-svelte-interop/package": {
            "name": "react-svelte-interop",
            "version": "0.0.3",
            "extraneous": true,
            "dependencies": {
                "hooks-as-store": "file:../hooks-as-store/package",
                "svelte-portal": "^2.2.0"
            },
            "devDependencies": {
                "@playwright/test": "1.25.0",
                "@sveltejs/adapter-auto": "next",
                "@sveltejs/kit": "next",
                "@sveltejs/package": "next",
                "@typescript-eslint/eslint-plugin": "^5.27.0",
                "@typescript-eslint/parser": "^5.27.0",
                "eslint": "^8.16.0",
                "eslint-config-prettier": "^8.3.0",
                "eslint-plugin-svelte3": "^4.0.0",
                "prettier": "^2.6.2",
                "prettier-plugin-svelte": "^2.7.0",
                "svelte": "^3.44.0",
                "svelte-check": "^2.7.1",
                "svelte-preprocess": "^4.10.6",
                "tslib": "^2.3.1",
                "typescript": "^4.7.4",
                "vite": "^3.1.0"
            }
        },
        "node_modules/@types/estree": {
            "version": "1.0.0",
            "resolved": "https://registry.npmjs.org/@types/estree/-/estree-1.0.0.tgz",
            "integrity": "sha512-WulqXMDUTYAXCjZnk6JtIHPigp55cVtDgDrO2gHRwhyJto21+1zbVCtOYB2L1F9w4qCQ0rOGWBnBe0FNTiEJIQ=="
        },
        "node_modules/acorn": {
            "version": "8.8.1",
            "resolved": "https://registry.npmjs.org/acorn/-/acorn-8.8.1.tgz",
            "integrity": "sha512-7zFpHzhnqYKrkYdUjF1HI1bzd0VygEGX8lFk4k5zVMqHEoES+P+7TKI+EvLO9WVMJ8eekdO0aDEK044xTXwPPA==",
            "bin": {
                "acorn": "bin/acorn"
            },
            "engines": {
                "node": ">=0.4.0"
            }
        },
        "node_modules/acorn-globals": {
            "version": "7.0.1",
            "resolved": "https://registry.npmjs.org/acorn-globals/-/acorn-globals-7.0.1.tgz",
            "integrity": "sha512-umOSDSDrfHbTNPuNpC2NSnnA3LUrqpevPb4T9jRx4MagXNS0rs+gwiTcAvqCRmsD6utzsrzNt+ebm00SNWiC3Q==",
            "dependencies": {
                "acorn": "^8.1.0",
                "acorn-walk": "^8.0.2"
            }
        },
        "node_modules/acorn-walk": {
            "version": "8.2.0",
            "resolved": "https://registry.npmjs.org/acorn-walk/-/acorn-walk-8.2.0.tgz",
            "integrity": "sha512-k+iyHEuPgSw6SbuDpGQM+06HQUa04DZ3o+F6CSzXMvvI5KMvnaEqXe+YVe555R9nn6GPt404fos4wcgpw12SDA==",
            "engines": {
                "node": ">=0.4.0"
            }
        },
        "node_modules/astring": {
            "version": "1.8.3",
            "resolved": "https://registry.npmjs.org/astring/-/astring-1.8.3.tgz",
            "integrity": "sha512-sRpyiNrx2dEYIMmUXprS8nlpRg2Drs8m9ElX9vVEXaCB4XEAJhKfs7IcX0IwShjuOAjLR6wzIrgoptz1n19i1A==",
            "bin": {
                "astring": "bin/astring"
            }
        },
        "node_modules/estree-walker": {
            "version": "3.0.1",
            "resolved": "https://registry.npmjs.org/estree-walker/-/estree-walker-3.0.1.tgz",
            "integrity": "sha512-woY0RUD87WzMBUiZLx8NsYr23N5BKsOMZHhu2hoNRVh6NXGfoiT1KOL8G3UHlJAnEDGmfa5ubNA/AacfG+Kb0g=="
        },
        "node_modules/fs": {
            "version": "0.0.1-security",
            "resolved": "https://registry.npmjs.org/fs/-/fs-0.0.1-security.tgz",
            "integrity": "sha512-3XY9e1pP0CVEUCdj5BmfIZxRBTSDycnbqhIOGec9QYtmVH2fbLpj86CFWkrNOkt/Fvty4KZG5lTglL9j/gJ87w==",
            "dev": true
        },
        "node_modules/hooks-as-store": {
            "version": "0.0.1",
            "resolved": "https://registry.npmjs.org/hooks-as-store/-/hooks-as-store-0.0.1.tgz",
            "integrity": "sha512-dlzLh7/g9dzB5K8uKXyMM6Rb39sg227vZjYDODwtVa7DcAy7GjMmte5ZE6Y+Dg0ZEHSmRKo088WDl+9O4Evltg=="
        },
        "node_modules/inherits": {
            "version": "2.0.3",
            "resolved": "https://registry.npmjs.org/inherits/-/inherits-2.0.3.tgz",
            "integrity": "sha512-x00IRNXNy63jwGkJmzPigoySHbaqpNuzKbBOmzK+g2OdZpQ9w+sxCN+VSB3ja7IAge2OP2qpfxTjeNcyjmW1uw==",
            "dev": true
        },
        "node_modules/is-reference": {
            "version": "3.0.0",
            "resolved": "https://registry.npmjs.org/is-reference/-/is-reference-3.0.0.tgz",
            "integrity": "sha512-Eo1W3wUoHWoCoVM4GVl/a+K0IgiqE5aIo4kJABFyMum1ZORlPkC+UC357sSQUL5w5QCE5kCC9upl75b7+7CY/Q==",
            "dependencies": {
                "@types/estree": "*"
            }
        },
        "node_modules/magic-string": {
            "version": "0.26.7",
            "resolved": "https://registry.npmjs.org/magic-string/-/magic-string-0.26.7.tgz",
            "integrity": "sha512-hX9XH3ziStPoPhJxLq1syWuZMxbDvGNbVchfrdCtanC7D13888bMFow61x8axrx+GfHLtVeAx2kxL7tTGRl+Ow==",
            "dependencies": {
                "sourcemap-codec": "^1.4.8"
            },
            "engines": {
                "node": ">=12"
            }
        },
        "node_modules/path": {
            "version": "0.12.7",
            "resolved": "https://registry.npmjs.org/path/-/path-0.12.7.tgz",
            "integrity": "sha512-aXXC6s+1w7otVF9UletFkFcDsJeO7lSZBPUQhtb5O0xJe8LtYhj/GxldoL09bBj9+ZmE2hNoHqQSFMN5fikh4Q==",
            "dev": true,
            "dependencies": {
                "process": "^0.11.1",
                "util": "^0.10.3"
            }
        },
        "node_modules/process": {
            "version": "0.11.10",
            "resolved": "https://registry.npmjs.org/process/-/process-0.11.10.tgz",
            "integrity": "sha512-cdGef/drWFoydD1JsMzuFf8100nZl+GT+yacc2bEced5f9Rjk4z+WtFUTBu9PhOi9j/jfmBPu0mMEY4wIdAF8A==",
            "dev": true,
            "engines": {
                "node": ">= 0.6.0"
            }
        },
        "node_modules/sourcemap-codec": {
            "version": "1.4.8",
            "resolved": "https://registry.npmjs.org/sourcemap-codec/-/sourcemap-codec-1.4.8.tgz",
            "integrity": "sha512-9NykojV5Uih4lgo5So5dtw+f0JgJX30KCNI8gwhz2J9A15wD0Ml6tjHKwf6fTSa6fAdVBdZeNOs9eJ71qCk8vA=="
        },
        "node_modules/util": {
            "version": "0.10.4",
            "resolved": "https://registry.npmjs.org/util/-/util-0.10.4.tgz",
            "integrity": "sha512-0Pm9hTQ3se5ll1XihRic3FDIku70C+iHUdT/W926rSgHV5QgXsYbKZN8MSC3tJtSkhuROzvsQjAaFENRXr+19A==",
            "dev": true,
            "dependencies": {
                "inherits": "2.0.3"
            }
        }
    },
    "dependencies": {
        "@types/estree": {
            "version": "1.0.0",
            "resolved": "https://registry.npmjs.org/@types/estree/-/estree-1.0.0.tgz",
            "integrity": "sha512-WulqXMDUTYAXCjZnk6JtIHPigp55cVtDgDrO2gHRwhyJto21+1zbVCtOYB2L1F9w4qCQ0rOGWBnBe0FNTiEJIQ=="
        },
        "acorn": {
            "version": "8.8.1",
            "resolved": "https://registry.npmjs.org/acorn/-/acorn-8.8.1.tgz",
            "integrity": "sha512-7zFpHzhnqYKrkYdUjF1HI1bzd0VygEGX8lFk4k5zVMqHEoES+P+7TKI+EvLO9WVMJ8eekdO0aDEK044xTXwPPA=="
        },
        "acorn-globals": {
            "version": "7.0.1",
            "resolved": "https://registry.npmjs.org/acorn-globals/-/acorn-globals-7.0.1.tgz",
            "integrity": "sha512-umOSDSDrfHbTNPuNpC2NSnnA3LUrqpevPb4T9jRx4MagXNS0rs+gwiTcAvqCRmsD6utzsrzNt+ebm00SNWiC3Q==",
            "requires": {
                "acorn": "^8.1.0",
                "acorn-walk": "^8.0.2"
            }
        },
        "acorn-walk": {
            "version": "8.2.0",
            "resolved": "https://registry.npmjs.org/acorn-walk/-/acorn-walk-8.2.0.tgz",
            "integrity": "sha512-k+iyHEuPgSw6SbuDpGQM+06HQUa04DZ3o+F6CSzXMvvI5KMvnaEqXe+YVe555R9nn6GPt404fos4wcgpw12SDA=="
        },
        "astring": {
            "version": "1.8.3",
            "resolved": "https://registry.npmjs.org/astring/-/astring-1.8.3.tgz",
            "integrity": "sha512-sRpyiNrx2dEYIMmUXprS8nlpRg2Drs8m9ElX9vVEXaCB4XEAJhKfs7IcX0IwShjuOAjLR6wzIrgoptz1n19i1A=="
        },
        "estree-walker": {
            "version": "3.0.1",
            "resolved": "https://registry.npmjs.org/estree-walker/-/estree-walker-3.0.1.tgz",
            "integrity": "sha512-woY0RUD87WzMBUiZLx8NsYr23N5BKsOMZHhu2hoNRVh6NXGfoiT1KOL8G3UHlJAnEDGmfa5ubNA/AacfG+Kb0g=="
        },
        "fs": {
            "version": "0.0.1-security",
            "resolved": "https://registry.npmjs.org/fs/-/fs-0.0.1-security.tgz",
            "integrity": "sha512-3XY9e1pP0CVEUCdj5BmfIZxRBTSDycnbqhIOGec9QYtmVH2fbLpj86CFWkrNOkt/Fvty4KZG5lTglL9j/gJ87w==",
            "dev": true
        },
        "hooks-as-store": {
            "version": "0.0.1",
            "resolved": "https://registry.npmjs.org/hooks-as-store/-/hooks-as-store-0.0.1.tgz",
            "integrity": "sha512-dlzLh7/g9dzB5K8uKXyMM6Rb39sg227vZjYDODwtVa7DcAy7GjMmte5ZE6Y+Dg0ZEHSmRKo088WDl+9O4Evltg=="
        },
        "inherits": {
            "version": "2.0.3",
            "resolved": "https://registry.npmjs.org/inherits/-/inherits-2.0.3.tgz",
            "integrity": "sha512-x00IRNXNy63jwGkJmzPigoySHbaqpNuzKbBOmzK+g2OdZpQ9w+sxCN+VSB3ja7IAge2OP2qpfxTjeNcyjmW1uw==",
            "dev": true
        },
        "is-reference": {
            "version": "3.0.0",
            "resolved": "https://registry.npmjs.org/is-reference/-/is-reference-3.0.0.tgz",
            "integrity": "sha512-Eo1W3wUoHWoCoVM4GVl/a+K0IgiqE5aIo4kJABFyMum1ZORlPkC+UC357sSQUL5w5QCE5kCC9upl75b7+7CY/Q==",
            "requires": {
                "@types/estree": "*"
            }
        },
        "magic-string": {
            "version": "0.26.7",
            "resolved": "https://registry.npmjs.org/magic-string/-/magic-string-0.26.7.tgz",
            "integrity": "sha512-hX9XH3ziStPoPhJxLq1syWuZMxbDvGNbVchfrdCtanC7D13888bMFow61x8axrx+GfHLtVeAx2kxL7tTGRl+Ow==",
            "requires": {
                "sourcemap-codec": "^1.4.8"
            }
        },
        "path": {
            "version": "0.12.7",
            "resolved": "https://registry.npmjs.org/path/-/path-0.12.7.tgz",
            "integrity": "sha512-aXXC6s+1w7otVF9UletFkFcDsJeO7lSZBPUQhtb5O0xJe8LtYhj/GxldoL09bBj9+ZmE2hNoHqQSFMN5fikh4Q==",
            "dev": true,
            "requires": {
                "process": "^0.11.1",
                "util": "^0.10.3"
            }
        },
        "process": {
            "version": "0.11.10",
            "resolved": "https://registry.npmjs.org/process/-/process-0.11.10.tgz",
            "integrity": "sha512-cdGef/drWFoydD1JsMzuFf8100nZl+GT+yacc2bEced5f9Rjk4z+WtFUTBu9PhOi9j/jfmBPu0mMEY4wIdAF8A==",
            "dev": true
        },
        "sourcemap-codec": {
            "version": "1.4.8",
            "resolved": "https://registry.npmjs.org/sourcemap-codec/-/sourcemap-codec-1.4.8.tgz",
            "integrity": "sha512-9NykojV5Uih4lgo5So5dtw+f0JgJX30KCNI8gwhz2J9A15wD0Ml6tjHKwf6fTSa6fAdVBdZeNOs9eJ71qCk8vA=="
        },
        "util": {
            "version": "0.10.4",
            "resolved": "https://registry.npmjs.org/util/-/util-0.10.4.tgz",
            "integrity": "sha512-0Pm9hTQ3se5ll1XihRic3FDIku70C+iHUdT/W926rSgHV5QgXsYbKZN8MSC3tJtSkhuROzvsQjAaFENRXr+19A==",
            "dev": true,
            "requires": {
                "inherits": "2.0.3"
            }
        }
    }
}
